// !$*UTF8*$!
{
	archiveVersion = 1;
	classes = {
	};
	objectVersion = 50;
	objects = {

/* Begin PBXBuildFile section */
		1ECA8CF8232C6F650087451B /* AppDelegate.swift in Sources */ = {isa = PBXBuildFile; fileRef = 1ECA8CF7232C6F650087451B /* AppDelegate.swift */; };
		1ECA8CFA232C6F650087451B /* ViewController.swift in Sources */ = {isa = PBXBuildFile; fileRef = 1ECA8CF9232C6F650087451B /* ViewController.swift */; };
		1ECA8CFD232C6F650087451B /* Main.storyboard in Resources */ = {isa = PBXBuildFile; fileRef = 1ECA8CFB232C6F650087451B /* Main.storyboard */; };
		1ECA8CFF232C6F670087451B /* Assets.xcassets in Resources */ = {isa = PBXBuildFile; fileRef = 1ECA8CFE232C6F670087451B /* Assets.xcassets */; };
		1ECA8D02232C6F670087451B /* LaunchScreen.storyboard in Resources */ = {isa = PBXBuildFile; fileRef = 1ECA8D00232C6F670087451B /* LaunchScreen.storyboard */; };
		1ECA8D0A232C70050087451B /* Weather.swift in Sources */ = {isa = PBXBuildFile; fileRef = 1ECA8D09232C70050087451B /* Weather.swift */; };
		1ECA8D0C232F0C850087451B /* LocationManager.swift in Sources */ = {isa = PBXBuildFile; fileRef = 1ECA8D0B232F0C850087451B /* LocationManager.swift */; };
		1EE702CC234AE1AF007FF75E /* GPX Files in Resources */ = {isa = PBXBuildFile; fileRef = 1EE702CB234AE1AF007FF75E /* GPX Files */; };
/* End PBXBuildFile section */

/* Begin PBXFileReference section */
		1ECA8CF4232C6F650087451B /* WeatherApp.app */ = {isa = PBXFileReference; explicitFileType = wrapper.application; includeInIndex = 0; path = WeatherApp.app; sourceTree = BUILT_PRODUCTS_DIR; };
		1ECA8CF7232C6F650087451B /* AppDelegate.swift */ = {isa = PBXFileReference; lastKnownFileType = sourcecode.swift; name = AppDelegate.swift; path = ../AppDelegate.swift; sourceTree = "<group>"; };
		1ECA8CF9232C6F650087451B /* ViewController.swift */ = {isa = PBXFileReference; lastKnownFileType = sourcecode.swift; path = ViewController.swift; sourceTree = "<group>"; };
		1ECA8CFC232C6F650087451B /* Base */ = {isa = PBXFileReference; lastKnownFileType = file.storyboard; name = Base; path = Base.lproj/Main.storyboard; sourceTree = "<group>"; };
		1ECA8CFE232C6F670087451B /* Assets.xcassets */ = {isa = PBXFileReference; lastKnownFileType = folder.assetcatalog; name = Assets.xcassets; path = ../Assets.xcassets; sourceTree = "<group>"; };
		1ECA8D01232C6F670087451B /* Base */ = {isa = PBXFileReference; lastKnownFileType = file.storyboard; name = Base; path = Base.lproj/LaunchScreen.storyboard; sourceTree = "<group>"; };
		1ECA8D03232C6F670087451B /* Info.plist */ = {isa = PBXFileReference; lastKnownFileType = text.plist.xml; path = Info.plist; sourceTree = "<group>"; };
		1ECA8D09232C70050087451B /* Weather.swift */ = {isa = PBXFileReference; lastKnownFileType = sourcecode.swift; name = Weather.swift; path = ../Weather.swift; sourceTree = "<group>"; };
		1ECA8D0B232F0C850087451B /* LocationManager.swift */ = {isa = PBXFileReference; lastKnownFileType = sourcecode.swift; path = LocationManager.swift; sourceTree = "<group>"; };
		1EE702CB234AE1AF007FF75E /* GPX Files */ = {isa = PBXFileReference; lastKnownFileType = folder; path = "GPX Files"; sourceTree = "<group>"; };
/* End PBXFileReference section */

/* Begin PBXFrameworksBuildPhase section */
		1ECA8CF1232C6F650087451B /* Frameworks */ = {
			isa = PBXFrameworksBuildPhase;
			buildActionMask = 2147483647;
			files = (
			);
			runOnlyForDeploymentPostprocessing = 0;
		};
/* End PBXFrameworksBuildPhase section */

/* Begin PBXGroup section */
		1ECA8CEB232C6F650087451B = {
			isa = PBXGroup;
			children = (
				1EE702CB234AE1AF007FF75E /* GPX Files */,
				1ECA8CF6232C6F650087451B /* WeatherApp */,
				1ECA8CF5232C6F650087451B /* Products */,
			);
			sourceTree = "<group>";
		};
		1ECA8CF5232C6F650087451B /* Products */ = {
			isa = PBXGroup;
			children = (
				1ECA8CF4232C6F650087451B /* WeatherApp.app */,
			);
			name = Products;
			sourceTree = "<group>";
		};
		1ECA8CF6232C6F650087451B /* WeatherApp */ = {
			isa = PBXGroup;
			children = (
				1EE702CF234C1BF4007FF75E /* Supporting Files */,
				1EE702D0234C1C2F007FF75E /* Model */,
				1EE702D1234C1C65007FF75E /* Controller */,
				1EE702D2234C1C77007FF75E /* View */,
				1ECA8D03232C6F670087451B /* Info.plist */,
			);
			path = WeatherApp;
			sourceTree = "<group>";
		};
		1EE702CF234C1BF4007FF75E /* Supporting Files */ = {
			isa = PBXGroup;
			children = (
				1ECA8CF7232C6F650087451B /* AppDelegate.swift */,
				1ECA8CFE232C6F670087451B /* Assets.xcassets */,
			);
			path = "Supporting Files";
			sourceTree = "<group>";
		};
		1EE702D0234C1C2F007FF75E /* Model */ = {
			isa = PBXGroup;
			children = (
				1ECA8D0B232F0C850087451B /* LocationManager.swift */,
				1ECA8D09232C70050087451B /* Weather.swift */,
			);
			path = Model;
			sourceTree = "<group>";
		};
		1EE702D1234C1C65007FF75E /* Controller */ = {
			isa = PBXGroup;
			children = (
				1ECA8CF9232C6F650087451B /* ViewController.swift */,
			);
			path = Controller;
			sourceTree = "<group>";
		};
		1EE702D2234C1C77007FF75E /* View */ = {
			isa = PBXGroup;
			children = (
				1ECA8D00232C6F670087451B /* LaunchScreen.storyboard */,
				1ECA8CFB232C6F650087451B /* Main.storyboard */,
			);
			path = View;
			sourceTree = "<group>";
		};
/* End PBXGroup section */

/* Begin PBXNativeTarget section */
		1ECA8CF3232C6F650087451B /* WeatherApp */ = {
			isa = PBXNativeTarget;
			buildConfigurationList = 1ECA8D06232C6F670087451B /* Build configuration list for PBXNativeTarget "WeatherApp" */;
			buildPhases = (
				1ECA8CF0232C6F650087451B /* Sources */,
				1ECA8CF1232C6F650087451B /* Frameworks */,
				1ECA8CF2232C6F650087451B /* Resources */,
			);
			buildRules = (
			);
			dependencies = (
			);
			name = WeatherApp;
			productName = WeatherApp;
			productReference = 1ECA8CF4232C6F650087451B /* WeatherApp.app */;
			productType = "com.apple.product-type.application";
		};
/* End PBXNativeTarget section */

/* Begin PBXProject section */
		1ECA8CEC232C6F650087451B /* Project object */ = {
			isa = PBXProject;
			attributes = {
				LastSwiftUpdateCheck = 1020;
				LastUpgradeCheck = 1020;
				ORGANIZATIONNAME = "Peking University";
				TargetAttributes = {
					1ECA8CF3232C6F650087451B = {
						CreatedOnToolsVersion = 10.2.1;
					};
				};
			};
			buildConfigurationList = 1ECA8CEF232C6F650087451B /* Build configuration list for PBXProject "WeatherApp" */;
			compatibilityVersion = "Xcode 9.3";
			developmentRegion = en;
			hasScannedForEncodings = 0;
			knownRegions = (
				en,
				Base,
			);
			mainGroup = 1ECA8CEB232C6F650087451B;
			productRefGroup = 1ECA8CF5232C6F650087451B /* Products */;
			projectDirPath = "";
			projectRoot = "";
			targets = (
				1ECA8CF3232C6F650087451B /* WeatherApp */,
			);
		};
/* End PBXProject section */

/* Begin PBXResourcesBuildPhase section */
		1ECA8CF2232C6F650087451B /* Resources */ = {
			isa = PBXResourcesBuildPhase;
			buildActionMask = 2147483647;
			files = (
				1ECA8D02232C6F670087451B /* LaunchScreen.storyboard in Resources */,
				1ECA8CFF232C6F670087451B /* Assets.xcassets in Resources */,
				1ECA8CFD232C6F650087451B /* Main.storyboard in Resources */,
				1EE702CC234AE1AF007FF75E /* GPX Files in Resources */,
			);
			runOnlyForDeploymentPostprocessing = 0;
		};
/* End PBXResourcesBuildPhase section */

/* Begin PBXSourcesBuildPhase section */
		1ECA8CF0232C6F650087451B /* Sources */ = {
			isa = PBXSourcesBuildPhase;
			buildActionMask = 2147483647;
			files = (
				1ECA8CFA232C6F650087451B /* ViewController.swift in Sources */,
				1ECA8D0A232C70050087451B /* Weather.swift in Sources */,
				1ECA8D0C232F0C850087451B /* LocationManager.swift in Sources */,
				1ECA8CF8232C6F650087451B /* AppDelegate.swift in Sources */,
			);
			runOnlyForDeploymentPostprocessing = 0;
		};
/* End PBXSourcesBuildPhase section */

/* Begin PBXVariantGroup section */
		1ECA8CFB232C6F650087451B /* Main.storyboard */ = {
			isa = PBXVariantGroup;
			children = (
				1ECA8CFC232C6F650087451B /* Base */,
			);
			name = Main.storyboard;
			sourceTree = "<group>";
		};
		1ECA8D00232C6F670087451B /* LaunchScreen.storyboard */ = {
			isa = PBXVariantGroup;
			children = (
				1ECA8D01232C6F670087451B /* Base */,
			);
			name = LaunchScreen.storyboard;
			sourceTree = "<group>";
		};
/* End PBXVariantGroup section */

/* Begin XCBuildConfiguration section */
		1ECA8D04232C6F670087451B /* Debug */ = {
			isa = XCBuildConfiguration;
			buildSettings = {
				ALWAYS_SEARCH_USER_PATHS = NO;
				CLANG_ANALYZER_NONNULL = YES;
				CLANG_ANALYZER_NUMBER_OBJECT_CONVERSION = YES_AGGRESSIVE;
				CLANG_CXX_LANGUAGE_STANDARD = "gnu++14";
				CLANG_CXX_LIBRARY = "libc++";
				CLANG_ENABLE_MODULES = YES;
				CLANG_ENABLE_OBJC_ARC = YES;
				CLANG_ENABLE_OBJC_WEAK = YES;
				CLANG_WARN_BLOCK_CAPTURE_AUTORELEASING = YES;
				CLANG_WARN_BOOL_CONVERSION = YES;
				CLANG_WARN_COMMA = YES;
				CLANG_WARN_CONSTANT_CONVERSION = YES;
				CLANG_WARN_DEPRECATED_OBJC_IMPLEMENTATIONS = YES;
				CLANG_WARN_DIRECT_OBJC_ISA_USAGE = YES_ERROR;
				CLANG_WARN_DOCUMENTATION_COMMENTS = YES;
				CLANG_WARN_EMPTY_BODY = YES;
				CLANG_WARN_ENUM_CONVERSION = YES;
				CLANG_WARN_INFINITE_RECURSION = YES;
				CLANG_WARN_INT_CONVERSION = YES;
				CLANG_WARN_NON_LITERAL_NULL_CONVERSION = YES;
				CLANG_WARN_OBJC_IMPLICIT_RETAIN_SELF = YES;
				CLANG_WARN_OBJC_LITERAL_CONVERSION = YES;
				CLANG_WARN_OBJC_ROOT_CLASS = YES_ERROR;
				CLANG_WARN_RANGE_LOOP_ANALYSIS = YES;
				CLANG_WARN_STRICT_PROTOTYPES = YES;
				CLANG_WARN_SUSPICIOUS_MOVE = YES;
				CLANG_WARN_UNGUARDED_AVAILABILITY = YES_AGGRESSIVE;
				CLANG_WARN_UNREACHABLE_CODE = YES;
				CLANG_WARN__DUPLICATE_METHOD_MATCH = YES;
				CODE_SIGN_IDENTITY = "iPhone Developer";
				COPY_PHASE_STRIP = NO;
				DEBUG_INFORMATION_FORMAT = dwarf;
				ENABLE_STRICT_OBJC_MSGSEND = YES;
				ENABLE_TESTABILITY = YES;
				GCC_C_LANGUAGE_STANDARD = gnu11;
				GCC_DYNAMIC_NO_PIC = NO;
				GCC_NO_COMMON_BLOCKS = YES;
				GCC_OPTIMIZATION_LEVEL = 0;
				GCC_PREPROCESSOR_DEFINITIONS = (
					"DEBUG=1",
					"$(inherited)",
				);
				GCC_WARN_64_TO_32_BIT_CONVERSION = YES;
				GCC_WARN_ABOUT_RETURN_TYPE = YES_ERROR;
				GCC_WARN_UNDECLARED_SELECTOR = YES;
				GCC_WARN_UNINITIALIZED_AUTOS = YES_AGGRESSIVE;
				GCC_WARN_UNUSED_FUNCTION = YES;
				GCC_WARN_UNUSED_VARIABLE = YES;
				IPHONEOS_DEPLOYMENT_TARGET = 12.2;
				MTL_ENABLE_DEBUG_INFO = INCLUDE_SOURCE;
				MTL_FAST_MATH = YES;
				ONLY_ACTIVE_ARCH = YES;
				SDKROOT = iphoneos;
				SWIFT_ACTIVE_COMPILATION_CONDITIONS = DEBUG;
				SWIFT_OPTIMIZATION_LEVEL = "-Onone";
			};
			name = Debug;
		};
		1ECA8D05232C6F670087451B /* Release */ = {
			isa = XCBuildConfiguration;
			buildSettings = {
				ALWAYS_SEARCH_USER_PATHS = NO;
				CLANG_ANALYZER_NONNULL = YES;
				CLANG_ANALYZER_NUMBER_OBJECT_CONVERSION = YES_AGGRESSIVE;
				CLANG_CXX_LANGUAGE_STANDARD = "gnu++14";
				CLANG_CXX_LIBRARY = "libc++";
				CLANG_ENABLE_MODULES = YES;
				CLANG_ENABLE_OBJC_ARC = YES;
				CLANG_ENABLE_OBJC_WEAK = YES;
				CLANG_WARN_BLOCK_CAPTURE_AUTORELEASING = YES;
				CLANG_WARN_BOOL_CONVERSION = YES;
				CLANG_WARN_COMMA = YES;
				CLANG_WARN_CONSTANT_CONVERSION = YES;
				CLANG_WARN_DEPRECATED_OBJC_IMPLEMENTATIONS = YES;
				CLANG_WARN_DIRECT_OBJC_ISA_USAGE = YES_ERROR;
				CLANG_WARN_DOCUMENTATION_COMMENTS = YES;
				CLANG_WARN_EMPTY_BODY = YES;
				CLANG_WARN_ENUM_CONVERSION = YES;
				CLANG_WARN_INFINITE_RECURSION = YES;
				CLANG_WARN_INT_CONVERSION = YES;
				CLANG_WARN_NON_LITERAL_NULL_CONVERSION = YES;
				CLANG_WARN_OBJC_IMPLICIT_RETAIN_SELF = YES;
				CLANG_WARN_OBJC_LITERAL_CONVERSION = YES;
				CLANG_WARN_OBJC_ROOT_CLASS = YES_ERROR;
				CLANG_WARN_RANGE_LOOP_ANALYSIS = YES;
				CLANG_WARN_STRICT_PROTOTYPES = YES;
				CLANG_WARN_SUSPICIOUS_MOVE = YES;
				CLANG_WARN_UNGUARDED_AVAILABILITY = YES_AGGRESSIVE;
				CLANG_WARN_UNREACHABLE_CODE = YES;
				CLANG_WARN__DUPLICATE_METHOD_MATCH = YES;
				CODE_SIGN_IDENTITY = "iPhone Developer";
				COPY_PHASE_STRIP = NO;
				DEBUG_INFORMATION_FORMAT = "dwarf-with-dsym";
				ENABLE_NS_ASSERTIONS = NO;
				ENABLE_STRICT_OBJC_MSGSEND = YES;
				GCC_C_LANGUAGE_STANDARD = gnu11;
				GCC_NO_COMMON_BLOCKS = YES;
				GCC_WARN_64_TO_32_BIT_CONVERSION = YES;
				GCC_WARN_ABOUT_RETURN_TYPE = YES_ERROR;
				GCC_WARN_UNDECLARED_SELECTOR = YES;
				GCC_WARN_UNINITIALIZED_AUTOS = YES_AGGRESSIVE;
				GCC_WARN_UNUSED_FUNCTION = YES;
				GCC_WARN_UNUSED_VARIABLE = YES;
				IPHONEOS_DEPLOYMENT_TARGET = 12.2;
				MTL_ENABLE_DEBUG_INFO = NO;
				MTL_FAST_MATH = YES;
				SDKROOT = iphoneos;
				SWIFT_COMPILATION_MODE = wholemodule;
				SWIFT_OPTIMIZATION_LEVEL = "-O";
				VALIDATE_PRODUCT = YES;
			};
			name = Release;
		};
		1ECA8D07232C6F670087451B /* Debug */ = {
			isa = XCBuildConfiguration;
			buildSettings = {
				ASSETCATALOG_COMPILER_APPICON_NAME = AppIcon;
				CODE_SIGN_STYLE = Automatic;
				DEVELOPMENT_TEAM = JQ7389Q38X;
				FRAMEWORK_SEARCH_PATHS = (
					"$(inherited)",
					"$(PROJECT_DIR)/WeatherApp",
				);
				INFOPLIST_FILE = WeatherApp/Info.plist;
				LD_RUNPATH_SEARCH_PATHS = (
					"$(inherited)",
					"@executable_path/Frameworks",
				);
				PRODUCT_BUNDLE_IDENTIFIER = cn.edu.pku.ss.ST1901210574.WeatherApp;
				PRODUCT_NAME = "$(TARGET_NAME)";
				SWIFT_VERSION = 5.0;
				TARGETED_DEVICE_FAMILY = "1,2";
			};
			name = Debug;
		};
		1ECA8D08232C6F670087451B /* Release */ = {
			isa = XCBuildConfiguration;
			buildSettings = {
				ASSETCATALOG_COMPILER_APPICON_NAME = AppIcon;
				CODE_SIGN_STYLE = Automatic;
				DEVELOPMENT_TEAM = JQ7389Q38X;
				FRAMEWORK_SEARCH_PATHS = (
					"$(inherited)",
					"$(PROJECT_DIR)/WeatherApp",
				);
				INFOPLIST_FILE = WeatherApp/Info.plist;
				LD_RUNPATH_SEARCH_PATHS = (
					"$(inherited)",
					"@executable_path/Frameworks",
				);
				PRODUCT_BUNDLE_IDENTIFIER = cn.edu.pku.ss.ST1901210574.WeatherApp;
				PRODUCT_NAME = "$(TARGET_NAME)";
				SWIFT_VERSION = 5.0;
				TARGETED_DEVICE_FAMILY = "1,2";
			};
			name = Release;
		};
/* End XCBuildConfiguration section */

/* Begin XCConfigurationList section */
		1ECA8CEF232C6F650087451B /* Build configuration list for PBXProject "WeatherApp" */ = {
			isa = XCConfigurationList;
			buildConfigurations = (
				1ECA8D04232C6F670087451B /* Debug */,
				1ECA8D05232C6F670087451B /* Release */,
			);
			defaultConfigurationIsVisible = 0;
			defaultConfigurationName = Release;
		};
		1ECA8D06232C6F670087451B /* Build configuration list for PBXNativeTarget "WeatherApp" */ = {
			isa = XCConfigurationList;
			buildConfigurations = (
				1ECA8D07232C6F670087451B /* Debug */,
				1ECA8D08232C6F670087451B /* Release */,
			);
			defaultConfigurationIsVisible = 0;
			defaultConfigurationName = Release;
		};
/* End XCConfigurationList section */
	};
	rootObject = 1ECA8CEC232C6F650087451B /* Project object */;
}
